
Microsoft Visual Studio Solution File, Format Version 12.00
# Visual Studio Version 17
VisualStudioVersion = 17.11.35219.272
MinimumVisualStudioVersion = 10.0.40219.1
Project("{FAE04EC0-301F-11D3-BF4B-00C04F79EFBC}") = "KinoDev.Shared", "KinoDev.Shared.csproj", "{529D40A1-EEDA-4180-B80C-51F7D7F9B16B}"
EndProject
Global
	GlobalSection(SolutionConfigurationPlatforms) = preSolution
		Debug|Any CPU = Debug|Any CPU
		Release|Any CPU = Release|Any CPU
	EndGlobalSection
	GlobalSection(ProjectConfigurationPlatforms) = postSolution
		{529D40A1-EEDA-4180-B80C-51F7D7F9B16B}.Debug|Any CPU.ActiveCfg = Debug|Any CPU
		{529D40A1-EEDA-4180-B80C-51F7D7F9B16B}.Debug|Any CPU.Build.0 = Debug|Any CPU
		{529D40A1-EEDA-4180-B80C-51F7D7F9B16B}.Release|Any CPU.ActiveCfg = Release|Any CPU
		{529D40A1-EEDA-4180-B80C-51F7D7F9B16B}.Release|Any CPU.Build.0 = Release|Any CPU
	EndGlobalSection
	GlobalSection(SolutionProperties) = preSolution
		HideSolutionNode = FALSE
	EndGlobalSection
	GlobalSection(ExtensibilityGlobals) = postSolution
		SolutionGuid = {27774729-273D-4A6C-A10E-497CB8182CD6}
	EndGlobalSection
EndGlobal
